// !$*UTF8*$!
{
	archiveVersion = 1;
	classes = {
	};
	objectVersion = 46;
	objects = {

/* Begin PBXBuildFile section */
		1883688B1D0D0B9D00284AF9 /* main.m in Sources */ = {isa = PBXBuildFile; fileRef = 1883688A1D0D0B9D00284AF9 /* main.m */; };
		188368931D0D0C2600284AF9 /* StringProcX.m in Sources */ = {isa = PBXBuildFile; fileRef = 188368921D0D0C2600284AF9 /* StringProcX.m */; };
/* End PBXBuildFile section */

/* Begin PBXCopyFilesBuildPhase section */
		188368851D0D0B9D00284AF9 /* CopyFiles */ = {
			isa = PBXCopyFilesBuildPhase;
			buildActionMask = 2147483647;
			dstPath = /usr/share/man/man1/;
			dstSubfolderSpec = 0;
			files = (
			);
			runOnlyForDeploymentPostprocessing = 1;
		};
/* End PBXCopyFilesBuildPhase section */

/* Begin PBXFileReference section */
		188368871D0D0B9D00284AF9 /* StringTest */ = {isa = PBXFileReference; explicitFileType = "compiled.mach-o.executable"; includeInIndex = 0; path = StringTest; sourceTree = BUILT_PRODUCTS_DIR; };
		1883688A1D0D0B9D00284AF9 /* main.m */ = {isa = PBXFileReference; lastKnownFileType = sourcecode.c.objc; path = main.m; sourceTree = "<group>"; };
		188368911D0D0C2600284AF9 /* StringProcX.h */ = {isa = PBXFileReference; fileEncoding = 4; lastKnownFileType = sourcecode.c.h; path = StringProcX.h; sourceTree = "<group>"; };
		188368921D0D0C2600284AF9 /* StringProcX.m */ = {isa = PBXFileReference; fileEncoding = 4; lastKnownFileType = sourcecode.c.objc; path = StringProcX.m; sourceTree = "<group>"; };
/* End PBXFileReference section */

/* Begin PBXFrameworksBuildPhase section */
		188368841D0D0B9D00284AF9 /* Frameworks */ = {
			isa = PBXFrameworksBuildPhase;
			buildActionMask = 2147483647;
			files = (
			);
			runOnlyForDeploymentPostprocessing = 0;
		};
/* End PBXFrameworksBuildPhase section */

/* Begin PBXGroup section */
		1883687E1D0D0B9D00284AF9 = {
			isa = PBXGroup;
			children = (
				188368891D0D0B9D00284AF9 /* StringTest */,
				188368881D0D0B9D00284AF9 /* Products */,
			);
			sourceTree = "<group>";
		};
		188368881D0D0B9D00284AF9 /* Products */ = {
			isa = PBXGroup;
			children = (
				188368871D0D0B9D00284AF9 /* StringTest */,
			);
			name = Products;
			sourceTree = "<group>";
		};
		188368891D0D0B9D00284AF9 /* StringTest */ = {
			isa = PBXGroup;
			children = (
				188368911D0D0C2600284AF9 /* StringProcX.h */,
				188368921D0D0C2600284AF9 /* StringProcX.m */,
				1883688A1D0D0B9D00284AF9 /* main.m */,
			);
			path = StringTest;
			sourceTree = "<group>";
		};
/* End PBXGroup section */

/* Begin PBXNativeTarget section */
		188368861D0D0B9D00284AF9 /* StringTest */ = {
			isa = PBXNativeTarget;
			buildConfigurationList = 1883688E1D0D0B9D00284AF9 /* Build configuration list for PBXNativeTarget "StringTest" */;
			buildPhases = (
				188368831D0D0B9D00284AF9 /* Sources */,
				188368841D0D0B9D00284AF9 /* Frameworks */,
				188368851D0D0B9D00284AF9 /* CopyFiles */,
			);
			buildRules = (
			);
			dependencies = (
			);
			name = StringTest;
			productName = StringTest;
			productReference = 188368871D0D0B9D00284AF9 /* StringTest */;
			productType = "com.apple.product-type.tool";
		};
/* End PBXNativeTarget section */

/* Begin PBXProject section */
		1883687F1D0D0B9D00284AF9 /* Project object */ = {
			isa = PBXProject;
			attributes = {
				LastUpgradeCheck = 0730;
				ORGANIZATIONNAME = Point;
				TargetAttributes = {
					188368861D0D0B9D00284AF9 = {
						CreatedOnToolsVersion = 7.3.1;
					};
				};
			};
			buildConfigurationList = 188368821D0D0B9D00284AF9 /* Build configuration list for PBXProject "StringTest" */;
			compatibilityVersion = "Xcode 3.2";
			developmentRegion = English;
			hasScannedForEncodings = 0;
			knownRegions = (
				en,
			);
			mainGroup = 1883687E1D0D0B9D00284AF9;
			productRefGroup = 188368881D0D0B9D00284AF9 /* Products */;
			projectDirPath = "";
			projectRoot = "";
			targets = (
				188368861D0D0B9D00284AF9 /* StringTest */,
			);
		};
/* End PBXProject section */

/* Begin PBXSourcesBuildPhase section */
		188368831D0D0B9D00284AF9 /* Sources */ = {
			isa = PBXSourcesBuildPhase;
			buildActionMask = 2147483647;
			files = (
				1883688B1D0D0B9D00284AF9 /* main.m in Sources */,
				188368931D0D0C2600284AF9 /* StringProcX.m in Sources */,
			);
			runOnlyForDeploymentPostprocessing = 0;
		};
/* End PBXSourcesBuildPhase section */

/* Begin XCBuildConfiguration section */
		1883688C1D0D0B9D00284AF9 /* Debug */ = {
			isa = XCBuildConfiguration;
			buildSettings = {
				ALWAYS_SEARCH_USER_PATHS = NO;
				CLANG_ANALYZER_NONNULL = YES;
				CLANG_CXX_LANGUAGE_STANDARD = "gnu++0x";
				CLANG_CXX_LIBRARY = "libc++";
				CLANG_ENABLE_MODULES = YES;
				CLANG_ENABLE_OBJC_ARC = YES;
				CLANG_WARN_BOOL_CONVERSION = YES;
				CLANG_WARN_CONSTANT_CONVERSION = YES;
				CLANG_WARN_DIRECT_OBJC_ISA_USAGE = YES_ERROR;
				CLANG_WARN_EMPTY_BODY = YES;
				CLANG_WARN_ENUM_CONVERSION = YES;
				CLANG_WARN_INT_CONVERSION = YES;
				CLANG_WARN_OBJC_ROOT_CLASS = YES_ERROR;
				CLANG_WARN_UNREACHABLE_CODE = YES;
				CLANG_WARN__DUPLICATE_METHOD_MATCH = YES;
				CODE_SIGN_IDENTITY = "-";
				COPY_PHASE_STRIP = NO;
				DEBUG_INFORMATION_FORMAT = dwarf;
				ENABLE_STRICT_OBJC_MSGSEND = YES;
				ENABLE_TESTABILITY = YES;
				GCC_C_LANGUAGE_STANDARD = gnu99;
				GCC_DYNAMIC_NO_PIC = NO;
				GCC_NO_COMMON_BLOCKS = YES;
				GCC_OPTIMIZATION_LEVEL = 0;
				GCC_PREPROCESSOR_DEFINITIONS = (
					"DEBUG=1",
					"$(inherited)",
				);
				GCC_WARN_64_TO_32_BIT_CONVERSION = YES;
				GCC_WARN_ABOUT_RETURN_TYPE = YES_ERROR;
				GCC_WARN_UNDECLARED_SELECTOR = YES;
				GCC_WARN_UNINITIALIZED_AUTOS = YES_AGGRESSIVE;
				GCC_WARN_UNUSED_FUNCTION = YES;
				GCC_WARN_UNUSED_VARIABLE = YES;
				MACOSX_DEPLOYMENT_TARGET = 10.11;
				MTL_ENABLE_DEBUG_INFO = YES;
				ONLY_ACTIVE_ARCH = YES;
				SDKROOT = macosx;
			};
			name = Debug;
		};
		1883688D1D0D0B9D00284AF9 /* Release */ = {
			isa = XCBuildConfiguration;
			buildSettings = {
				ALWAYS_SEARCH_USER_PATHS = NO;
				CLANG_ANALYZER_NONNULL = YES;
				CLANG_CXX_LANGUAGE_STANDARD = "gnu++0x";
				CLANG_CXX_LIBRARY = "libc++";
				CLANG_ENABLE_MODULES = YES;
				CLANG_ENABLE_OBJC_ARC = YES;
				CLANG_WARN_BOOL_CONVERSION = YES;
				CLANG_WARN_CONSTANT_CONVERSION = YES;
				CLANG_WARN_DIRECT_OBJC_ISA_USAGE = YES_ERROR;
				CLANG_WARN_EMPTY_BODY = YES;
				CLANG_WARN_ENUM_CONVERSION = YES;
				CLANG_WARN_INT_CONVERSION = YES;
				CLANG_WARN_OBJC_ROOT_CLASS = YES_ERROR;
				CLANG_WARN_UNREACHABLE_CODE = YES;
				CLANG_WARN__DUPLICATE_METHOD_MATCH = YES;
				CODE_SIGN_IDENTITY = "-";
				COPY_PHASE_STRIP = NO;
				DEBUG_INFORMATION_FORMAT = "dwarf-with-dsym";
				ENABLE_NS_ASSERTIONS = NO;
				ENABLE_STRICT_OBJC_MSGSEND = YES;
				GCC_C_LANGUAGE_STANDARD = gnu99;
				GCC_NO_COMMON_BLOCKS = YES;
				GCC_WARN_64_TO_32_BIT_CONVERSION = YES;
				GCC_WARN_ABOUT_RETURN_TYPE = YES_ERROR;
				GCC_WARN_UNDECLARED_SELECTOR = YES;
				GCC_WARN_UNINITIALIZED_AUTOS = YES_AGGRESSIVE;
				GCC_WARN_UNUSED_FUNCTION = YES;
				GCC_WARN_UNUSED_VARIABLE = YES;
				MACOSX_DEPLOYMENT_TARGET = 10.11;
				MTL_ENABLE_DEBUG_INFO = NO;
				SDKROOT = macosx;
			};
			name = Release;
		};
		1883688F1D0D0B9D00284AF9 /* Debug */ = {
			isa = XCBuildConfiguration;
			buildSettings = {
				PRODUCT_NAME = "$(TARGET_NAME)";
			};
			name = Debug;
		};
		188368901D0D0B9D00284AF9 /* Release */ = {
			isa = XCBuildConfiguration;
			buildSettings = {
				PRODUCT_NAME = "$(TARGET_NAME)";
			};
			name = Release;
		};
/* End XCBuildConfiguration section */

/* Begin XCConfigurationList section */
		188368821D0D0B9D00284AF9 /* Build configuration list for PBXProject "StringTest" */ = {
			isa = XCConfigurationList;
			buildConfigurations = (
				1883688C1D0D0B9D00284AF9 /* Debug */,
				1883688D1D0D0B9D00284AF9 /* Release */,
			);
			defaultConfigurationIsVisible = 0;
			defaultConfigurationName = Release;
		};
		1883688E1D0D0B9D00284AF9 /* Build configuration list for PBXNativeTarget "StringTest" */ = {
			isa = XCConfigurationList;
			buildConfigurations = (
				1883688F1D0D0B9D00284AF9 /* Debug */,
				188368901D0D0B9D00284AF9 /* Release */,
			);
			defaultConfigurationIsVisible = 0;
			defaultConfigurationName = Release;
		};
/* End XCConfigurationList section */
	};
	rootObject = 1883687F1D0D0B9D00284AF9 /* Project object */;
}
